
Microsoft Visual Studio Solution File, Format Version 12.00
# Visual Studio Version 17
VisualStudioVersion = 17.8.34408.163
MinimumVisualStudioVersion = 10.0.40219.1
Project("{9A19103F-16F7-4668-BE54-9A1E7A4F7556}") = "BSDigitalPart1", "BSDigitalPart1\BSDigitalPart1.csproj", "{A0A6B1B1-CBB0-4088-8F73-C2579364C08D}"
EndProject
Project("{9A19103F-16F7-4668-BE54-9A1E7A4F7556}") = "Shared", "Shared\Shared.csproj", "{5E07AF82-FD82-4A64-912E-831A186566CB}"
EndProject
Project("{FAE04EC0-301F-11D3-BF4B-00C04F79EFBC}") = "BSDigitalPart2", "BSDigitalPart2\BSDigitalPart2.csproj", "{0E7D340E-FB3D-4725-BF46-4BE9D24DC02D}"
EndProject
Project("{FAE04EC0-301F-11D3-BF4B-00C04F79EFBC}") = "IntegationTests", "IntegationTests\IntegationTests.csproj", "{A32F83F9-E1B7-41C7-9E4E-C61CF9C2125B}"
EndProject
Global
	GlobalSection(SolutionConfigurationPlatforms) = preSolution
		Debug|Any CPU = Debug|Any CPU
		Release|Any CPU = Release|Any CPU
	EndGlobalSection
	GlobalSection(ProjectConfigurationPlatforms) = postSolution
		{A0A6B1B1-CBB0-4088-8F73-C2579364C08D}.Debug|Any CPU.ActiveCfg = Debug|Any CPU
		{A0A6B1B1-CBB0-4088-8F73-C2579364C08D}.Debug|Any CPU.Build.0 = Debug|Any CPU
		{A0A6B1B1-CBB0-4088-8F73-C2579364C08D}.Release|Any CPU.ActiveCfg = Release|Any CPU
		{A0A6B1B1-CBB0-4088-8F73-C2579364C08D}.Release|Any CPU.Build.0 = Release|Any CPU
		{5E07AF82-FD82-4A64-912E-831A186566CB}.Debug|Any CPU.ActiveCfg = Debug|Any CPU
		{5E07AF82-FD82-4A64-912E-831A186566CB}.Debug|Any CPU.Build.0 = Debug|Any CPU
		{5E07AF82-FD82-4A64-912E-831A186566CB}.Release|Any CPU.ActiveCfg = Release|Any CPU
		{5E07AF82-FD82-4A64-912E-831A186566CB}.Release|Any CPU.Build.0 = Release|Any CPU
		{0E7D340E-FB3D-4725-BF46-4BE9D24DC02D}.Debug|Any CPU.ActiveCfg = Debug|Any CPU
		{0E7D340E-FB3D-4725-BF46-4BE9D24DC02D}.Debug|Any CPU.Build.0 = Debug|Any CPU
		{0E7D340E-FB3D-4725-BF46-4BE9D24DC02D}.Release|Any CPU.ActiveCfg = Release|Any CPU
		{0E7D340E-FB3D-4725-BF46-4BE9D24DC02D}.Release|Any CPU.Build.0 = Release|Any CPU
		{A32F83F9-E1B7-41C7-9E4E-C61CF9C2125B}.Debug|Any CPU.ActiveCfg = Debug|Any CPU
		{A32F83F9-E1B7-41C7-9E4E-C61CF9C2125B}.Debug|Any CPU.Build.0 = Debug|Any CPU
		{A32F83F9-E1B7-41C7-9E4E-C61CF9C2125B}.Release|Any CPU.ActiveCfg = Release|Any CPU
		{A32F83F9-E1B7-41C7-9E4E-C61CF9C2125B}.Release|Any CPU.Build.0 = Release|Any CPU
	EndGlobalSection
	GlobalSection(SolutionProperties) = preSolution
		HideSolutionNode = FALSE
	EndGlobalSection
	GlobalSection(ExtensibilityGlobals) = postSolution
		SolutionGuid = {B9353E35-9460-4C84-A6FB-2D823E60AE5B}
	EndGlobalSection
EndGlobal
